
Microsoft Visual Studio Solution File, Format Version 12.00
# Visual Studio Version 16
VisualStudioVersion = 16.0.30523.141
MinimumVisualStudioVersion = 10.0.40219.1
Project("{8BC9CEB8-8B4A-11D0-8D11-00A0C91BC942}") = "Assessment_1", "Assessment_1\Assessment_1.vcxproj", "{D8359BE7-D604-42E9-8D55-3833F97B3C11}"
EndProject
Global
	GlobalSection(SolutionConfigurationPlatforms) = preSolution
		Debug|x64 = Debug|x64
		Debug|x86 = Debug|x86
		Release|x64 = Release|x64
		Release|x86 = Release|x86
	EndGlobalSection
	GlobalSection(ProjectConfigurationPlatforms) = postSolution
		{D8359BE7-D604-42E9-8D55-3833F97B3C11}.Debug|x64.ActiveCfg = Debug|x64
		{D8359BE7-D604-42E9-8D55-3833F97B3C11}.Debug|x64.Build.0 = Debug|x64
		{D8359BE7-D604-42E9-8D55-3833F97B3C11}.Debug|x86.ActiveCfg = Debug|Win32
		{D8359BE7-D604-42E9-8D55-3833F97B3C11}.Debug|x86.Build.0 = Debug|Win32
		{D8359BE7-D604-42E9-8D55-3833F97B3C11}.Release|x64.ActiveCfg = Release|x64
		{D8359BE7-D604-42E9-8D55-3833F97B3C11}.Release|x64.Build.0 = Release|x64
		{D8359BE7-D604-42E9-8D55-3833F97B3C11}.Release|x86.ActiveCfg = Release|Win32
		{D8359BE7-D604-42E9-8D55-3833F97B3C11}.Release|x86.Build.0 = Release|Win32
	EndGlobalSection
	GlobalSection(SolutionProperties) = preSolution
		HideSolutionNode = FALSE
	EndGlobalSection
	GlobalSection(ExtensibilityGlobals) = postSolution
		SolutionGuid = {9FE5B57E-3A2F-4618-8524-62A49AB96D5F}
	EndGlobalSection
EndGlobal
